// !$*UTF8*$!
{
	archiveVersion = 1;
	classes = {
	};
	objectVersion = 46;
	objects = {

/* Begin PBXBuildFile section */
		DA376F401A4050820058A8A5 /* Params.swift in Sources */ = {isa = PBXBuildFile; fileRef = DA376F3F1A4050820058A8A5 /* Params.swift */; };
		DA82AD9F1A6D20CD00360A95 /* Queue.swift in Sources */ = {isa = PBXBuildFile; fileRef = DA82AD9E1A6D20CD00360A95 /* Queue.swift */; };
		DA82ADA41A6D20DD00360A95 /* ysocket.swift in Sources */ = {isa = PBXBuildFile; fileRef = DA82ADA11A6D20DD00360A95 /* ysocket.swift */; };
		DA82ADA51A6D20DD00360A95 /* yudpsocket.c in Sources */ = {isa = PBXBuildFile; fileRef = DA82ADA21A6D20DD00360A95 /* yudpsocket.c */; };
		DA82ADA61A6D20DD00360A95 /* yudpsocket.swift in Sources */ = {isa = PBXBuildFile; fileRef = DA82ADA31A6D20DD00360A95 /* yudpsocket.swift */; };
		DABA8CE41A3EC8CD00070009 /* AppDelegate.swift in Sources */ = {isa = PBXBuildFile; fileRef = DABA8CE31A3EC8CD00070009 /* AppDelegate.swift */; };
		DABA8CE61A3EC8CD00070009 /* Images.xcassets in Resources */ = {isa = PBXBuildFile; fileRef = DABA8CE51A3EC8CD00070009 /* Images.xcassets */; };
		DABA8CE91A3EC8CD00070009 /* MainMenu.xib in Resources */ = {isa = PBXBuildFile; fileRef = DABA8CE71A3EC8CD00070009 /* MainMenu.xib */; };
		DABA8CF51A3EC8CE00070009 /* WhatsSWIFT_ServerTests.swift in Sources */ = {isa = PBXBuildFile; fileRef = DABA8CF41A3EC8CE00070009 /* WhatsSWIFT_ServerTests.swift */; };
		DABA8CFF1A3ECB0B00070009 /* Clients.swift in Sources */ = {isa = PBXBuildFile; fileRef = DABA8CFE1A3ECB0B00070009 /* Clients.swift */; };
		DAC050BB1A63B18000753C3C /* StarscreamOSX.framework in Frameworks */ = {isa = PBXBuildFile; fileRef = DAC050B81A63B14700753C3C /* StarscreamOSX.framework */; };
		DACB12521A3F2B440091940D /* Messages.swift in Sources */ = {isa = PBXBuildFile; fileRef = DACB12511A3F2B440091940D /* Messages.swift */; };
		DACB12541A3F319F0091940D /* Helpers.swift in Sources */ = {isa = PBXBuildFile; fileRef = DACB12531A3F319F0091940D /* Helpers.swift */; };
		DACCB3961A6D1F66009F6C8B /* UDPConnector.swift in Sources */ = {isa = PBXBuildFile; fileRef = DACCB3951A6D1F66009F6C8B /* UDPConnector.swift */; };
		DACCB3981A6D1F78009F6C8B /* WSConnector.swift in Sources */ = {isa = PBXBuildFile; fileRef = DACCB3971A6D1F78009F6C8B /* WSConnector.swift */; };
/* End PBXBuildFile section */

/* Begin PBXContainerItemProxy section */
		DABA8CEF1A3EC8CE00070009 /* PBXContainerItemProxy */ = {
			isa = PBXContainerItemProxy;
			containerPortal = DABA8CD61A3EC8CD00070009 /* Project object */;
			proxyType = 1;
			remoteGlobalIDString = DABA8CDD1A3EC8CD00070009;
			remoteInfo = WhatsSWIFT_Server;
		};
		DAC050AD1A63B14700753C3C /* PBXContainerItemProxy */ = {
			isa = PBXContainerItemProxy;
			containerPortal = DAC0509C1A63B14700753C3C /* SimpleTest.xcodeproj */;
			proxyType = 2;
			remoteGlobalIDString = 5C765ADB199A6DAA003D9110;
			remoteInfo = SimpleTest;
		};
		DAC050B31A63B14700753C3C /* PBXContainerItemProxy */ = {
			isa = PBXContainerItemProxy;
			containerPortal = DAC050A51A63B14700753C3C /* Starscream.xcodeproj */;
			proxyType = 2;
			remoteGlobalIDString = 6B3E79E619D48B7F006071F7;
			remoteInfo = Starscream;
		};
		DAC050B51A63B14700753C3C /* PBXContainerItemProxy */ = {
			isa = PBXContainerItemProxy;
			containerPortal = DAC050A51A63B14700753C3C /* Starscream.xcodeproj */;
			proxyType = 2;
			remoteGlobalIDString = 6B3E79F119D48B7F006071F7;
			remoteInfo = StarscreamTests;
		};
		DAC050B71A63B14700753C3C /* PBXContainerItemProxy */ = {
			isa = PBXContainerItemProxy;
			containerPortal = DAC050A51A63B14700753C3C /* Starscream.xcodeproj */;
			proxyType = 2;
			remoteGlobalIDString = D9C3E35F19E48FF1009FC285;
			remoteInfo = StarscreamOSX;
		};
		DAC050B91A63B14700753C3C /* PBXContainerItemProxy */ = {
			isa = PBXContainerItemProxy;
			containerPortal = DAC050A51A63B14700753C3C /* Starscream.xcodeproj */;
			proxyType = 2;
			remoteGlobalIDString = D9C3E36919E48FF1009FC285;
			remoteInfo = StarscreamOSXTests;
		};
/* End PBXContainerItemProxy section */

/* Begin PBXFileReference section */
		DA376F3F1A4050820058A8A5 /* Params.swift */ = {isa = PBXFileReference; fileEncoding = 4; lastKnownFileType = sourcecode.swift; path = Params.swift; sourceTree = "<group>"; };
		DA55AB021A656341001CBFEE /* Helpers-Bridging-Header.h */ = {isa = PBXFileReference; lastKnownFileType = sourcecode.c.h; path = "Helpers-Bridging-Header.h"; sourceTree = "<group>"; };
		DA82AD9E1A6D20CD00360A95 /* Queue.swift */ = {isa = PBXFileReference; fileEncoding = 4; lastKnownFileType = sourcecode.swift; name = Queue.swift; path = ../../connection/whatsSwift_Connection/whatsSwift_Connection/Queue.swift; sourceTree = "<group>"; };
		DA82ADA11A6D20DD00360A95 /* ysocket.swift */ = {isa = PBXFileReference; fileEncoding = 4; lastKnownFileType = sourcecode.swift; path = ysocket.swift; sourceTree = "<group>"; };
		DA82ADA21A6D20DD00360A95 /* yudpsocket.c */ = {isa = PBXFileReference; fileEncoding = 4; lastKnownFileType = sourcecode.c.c; path = yudpsocket.c; sourceTree = "<group>"; };
		DA82ADA31A6D20DD00360A95 /* yudpsocket.swift */ = {isa = PBXFileReference; fileEncoding = 4; lastKnownFileType = sourcecode.swift; path = yudpsocket.swift; sourceTree = "<group>"; };
		DABA8CDE1A3EC8CD00070009 /* WhatsSWIFT_Server.app */ = {isa = PBXFileReference; explicitFileType = wrapper.application; includeInIndex = 0; path = WhatsSWIFT_Server.app; sourceTree = BUILT_PRODUCTS_DIR; };
		DABA8CE21A3EC8CD00070009 /* Info.plist */ = {isa = PBXFileReference; lastKnownFileType = text.plist.xml; path = Info.plist; sourceTree = "<group>"; };
		DABA8CE31A3EC8CD00070009 /* AppDelegate.swift */ = {isa = PBXFileReference; lastKnownFileType = sourcecode.swift; path = AppDelegate.swift; sourceTree = "<group>"; };
		DABA8CE51A3EC8CD00070009 /* Images.xcassets */ = {isa = PBXFileReference; lastKnownFileType = folder.assetcatalog; path = Images.xcassets; sourceTree = "<group>"; };
		DABA8CE81A3EC8CD00070009 /* Base */ = {isa = PBXFileReference; lastKnownFileType = file.xib; name = Base; path = Base.lproj/MainMenu.xib; sourceTree = "<group>"; };
		DABA8CEE1A3EC8CE00070009 /* WhatsSWIFT_ServerTests.xctest */ = {isa = PBXFileReference; explicitFileType = wrapper.cfbundle; includeInIndex = 0; path = WhatsSWIFT_ServerTests.xctest; sourceTree = BUILT_PRODUCTS_DIR; };
		DABA8CF31A3EC8CE00070009 /* Info.plist */ = {isa = PBXFileReference; lastKnownFileType = text.plist.xml; path = Info.plist; sourceTree = "<group>"; };
		DABA8CF41A3EC8CE00070009 /* WhatsSWIFT_ServerTests.swift */ = {isa = PBXFileReference; lastKnownFileType = sourcecode.swift; path = WhatsSWIFT_ServerTests.swift; sourceTree = "<group>"; };
		DABA8CFE1A3ECB0B00070009 /* Clients.swift */ = {isa = PBXFileReference; fileEncoding = 4; lastKnownFileType = sourcecode.swift; path = Clients.swift; sourceTree = "<group>"; };
		DAC050911A63B14700753C3C /* .gitignore */ = {isa = PBXFileReference; lastKnownFileType = text; path = .gitignore; sourceTree = "<group>"; };
		DAC050941A63B14700753C3C /* README.md */ = {isa = PBXFileReference; lastKnownFileType = net.daringfireball.markdown; path = README.md; sourceTree = "<group>"; };
		DAC050961A63B14700753C3C /* AppDelegate.swift */ = {isa = PBXFileReference; lastKnownFileType = sourcecode.swift; path = AppDelegate.swift; sourceTree = "<group>"; };
		DAC050981A63B14700753C3C /* Base */ = {isa = PBXFileReference; lastKnownFileType = file.storyboard; name = Base; path = Base.lproj/Main.storyboard; sourceTree = "<group>"; };
		DAC050991A63B14700753C3C /* Images.xcassets */ = {isa = PBXFileReference; lastKnownFileType = folder.assetcatalog; path = Images.xcassets; sourceTree = "<group>"; };
		DAC0509A1A63B14700753C3C /* Info.plist */ = {isa = PBXFileReference; lastKnownFileType = text.plist.xml; path = Info.plist; sourceTree = "<group>"; };
		DAC0509B1A63B14700753C3C /* ViewController.swift */ = {isa = PBXFileReference; lastKnownFileType = sourcecode.swift; path = ViewController.swift; sourceTree = "<group>"; };
		DAC0509C1A63B14700753C3C /* SimpleTest.xcodeproj */ = {isa = PBXFileReference; lastKnownFileType = "wrapper.pb-project"; path = SimpleTest.xcodeproj; sourceTree = "<group>"; };
		DAC050A01A63B14700753C3C /* ws-server.rb */ = {isa = PBXFileReference; lastKnownFileType = text.script.ruby; path = "ws-server.rb"; sourceTree = "<group>"; };
		DAC050A11A63B14700753C3C /* Info.plist */ = {isa = PBXFileReference; lastKnownFileType = text.plist.xml; path = Info.plist; sourceTree = "<group>"; };
		DAC050A21A63B14700753C3C /* LICENSE */ = {isa = PBXFileReference; lastKnownFileType = text; path = LICENSE; sourceTree = "<group>"; };
		DAC050A31A63B14700753C3C /* README.md */ = {isa = PBXFileReference; lastKnownFileType = net.daringfireball.markdown; path = README.md; sourceTree = "<group>"; };
		DAC050A41A63B14700753C3C /* Starscream.h */ = {isa = PBXFileReference; lastKnownFileType = sourcecode.c.h; path = Starscream.h; sourceTree = "<group>"; };
		DAC050A51A63B14700753C3C /* Starscream.xcodeproj */ = {isa = PBXFileReference; lastKnownFileType = "wrapper.pb-project"; path = Starscream.xcodeproj; sourceTree = "<group>"; };
		DAC050A91A63B14700753C3C /* Info.plist */ = {isa = PBXFileReference; lastKnownFileType = text.plist.xml; path = Info.plist; sourceTree = "<group>"; };
		DAC050AA1A63B14700753C3C /* StarscreamTests.swift */ = {isa = PBXFileReference; lastKnownFileType = sourcecode.swift; path = StarscreamTests.swift; sourceTree = "<group>"; };
		DAC050AB1A63B14700753C3C /* WebSocket.swift */ = {isa = PBXFileReference; lastKnownFileType = sourcecode.swift; path = WebSocket.swift; sourceTree = "<group>"; };
		DACB12511A3F2B440091940D /* Messages.swift */ = {isa = PBXFileReference; fileEncoding = 4; lastKnownFileType = sourcecode.swift; path = Messages.swift; sourceTree = "<group>"; };
		DACB12531A3F319F0091940D /* Helpers.swift */ = {isa = PBXFileReference; fileEncoding = 4; lastKnownFileType = sourcecode.swift; path = Helpers.swift; sourceTree = "<group>"; };
		DACCB3951A6D1F66009F6C8B /* UDPConnector.swift */ = {isa = PBXFileReference; fileEncoding = 4; lastKnownFileType = sourcecode.swift; name = UDPConnector.swift; path = ../../connection/whatsSwift_Connection/whatsSwift_Connection/UDPConnector.swift; sourceTree = "<group>"; };
		DACCB3971A6D1F78009F6C8B /* WSConnector.swift */ = {isa = PBXFileReference; fileEncoding = 4; lastKnownFileType = sourcecode.swift; name = WSConnector.swift; path = ../../connection/whatsSwift_Connection/whatsSwift_Connection/WSConnector.swift; sourceTree = "<group>"; };
/* End PBXFileReference section */

/* Begin PBXFrameworksBuildPhase section */
		DABA8CDB1A3EC8CD00070009 /* Frameworks */ = {
			isa = PBXFrameworksBuildPhase;
			buildActionMask = 2147483647;
			files = (
				DAC050BB1A63B18000753C3C /* StarscreamOSX.framework in Frameworks */,
			);
			runOnlyForDeploymentPostprocessing = 0;
		};
		DABA8CEB1A3EC8CE00070009 /* Frameworks */ = {
			isa = PBXFrameworksBuildPhase;
			buildActionMask = 2147483647;
			files = (
			);
			runOnlyForDeploymentPostprocessing = 0;
		};
/* End PBXFrameworksBuildPhase section */

/* Begin PBXGroup section */
		DA82ADA01A6D20DD00360A95 /* udp_framework */ = {
			isa = PBXGroup;
			children = (
				DA82ADA11A6D20DD00360A95 /* ysocket.swift */,
				DA82ADA21A6D20DD00360A95 /* yudpsocket.c */,
				DA82ADA31A6D20DD00360A95 /* yudpsocket.swift */,
			);
			name = udp_framework;
			path = ../../connection/whatsSwift_Connection/whatsSwift_Connection/udp_framework;
			sourceTree = "<group>";
		};
		DABA8CD51A3EC8CD00070009 = {
			isa = PBXGroup;
			children = (
				DAC050901A63B14700753C3C /* Starscream */,
				DABA8CE01A3EC8CD00070009 /* WhatsSWIFT_Server */,
				DABA8CF11A3EC8CE00070009 /* WhatsSWIFT_ServerTests */,
				DABA8CDF1A3EC8CD00070009 /* Products */,
			);
			sourceTree = "<group>";
		};
		DABA8CDF1A3EC8CD00070009 /* Products */ = {
			isa = PBXGroup;
			children = (
				DABA8CDE1A3EC8CD00070009 /* WhatsSWIFT_Server.app */,
				DABA8CEE1A3EC8CE00070009 /* WhatsSWIFT_ServerTests.xctest */,
			);
			name = Products;
			sourceTree = "<group>";
		};
		DABA8CE01A3EC8CD00070009 /* WhatsSWIFT_Server */ = {
			isa = PBXGroup;
			children = (
				DA82ADA01A6D20DD00360A95 /* udp_framework */,
				DA82AD9E1A6D20CD00360A95 /* Queue.swift */,
				DACCB3971A6D1F78009F6C8B /* WSConnector.swift */,
				DACCB3951A6D1F66009F6C8B /* UDPConnector.swift */,
				DABA8CE31A3EC8CD00070009 /* AppDelegate.swift */,
				DABA8CE51A3EC8CD00070009 /* Images.xcassets */,
				DABA8CFE1A3ECB0B00070009 /* Clients.swift */,
				DACB12511A3F2B440091940D /* Messages.swift */,
				DABA8CE71A3EC8CD00070009 /* MainMenu.xib */,
				DACB12531A3F319F0091940D /* Helpers.swift */,
				DA376F3F1A4050820058A8A5 /* Params.swift */,
				DABA8CE11A3EC8CD00070009 /* Supporting Files */,
				DA55AB021A656341001CBFEE /* Helpers-Bridging-Header.h */,
			);
			path = WhatsSWIFT_Server;
			sourceTree = "<group>";
		};
		DABA8CE11A3EC8CD00070009 /* Supporting Files */ = {
			isa = PBXGroup;
			children = (
				DABA8CE21A3EC8CD00070009 /* Info.plist */,
			);
			name = "Supporting Files";
			sourceTree = "<group>";
		};
		DABA8CF11A3EC8CE00070009 /* WhatsSWIFT_ServerTests */ = {
			isa = PBXGroup;
			children = (
				DABA8CF41A3EC8CE00070009 /* WhatsSWIFT_ServerTests.swift */,
				DABA8CF21A3EC8CE00070009 /* Supporting Files */,
			);
			path = WhatsSWIFT_ServerTests;
			sourceTree = "<group>";
		};
		DABA8CF21A3EC8CE00070009 /* Supporting Files */ = {
			isa = PBXGroup;
			children = (
				DABA8CF31A3EC8CE00070009 /* Info.plist */,
			);
			name = "Supporting Files";
			sourceTree = "<group>";
		};
		DAC050901A63B14700753C3C /* Starscream */ = {
			isa = PBXGroup;
			children = (
				DAC050911A63B14700753C3C /* .gitignore */,
				DAC050921A63B14700753C3C /* examples */,
				DAC050A11A63B14700753C3C /* Info.plist */,
				DAC050A21A63B14700753C3C /* LICENSE */,
				DAC050A31A63B14700753C3C /* README.md */,
				DAC050A41A63B14700753C3C /* Starscream.h */,
				DAC050A51A63B14700753C3C /* Starscream.xcodeproj */,
				DAC050A81A63B14700753C3C /* Tests */,
				DAC050AB1A63B14700753C3C /* WebSocket.swift */,
			);
			name = Starscream;
			path = WhatsSWIFT_Server/Starscream;
			sourceTree = "<group>";
		};
		DAC050921A63B14700753C3C /* examples */ = {
			isa = PBXGroup;
			children = (
				DAC050931A63B14700753C3C /* SimpleTest */,
			);
			path = examples;
			sourceTree = "<group>";
		};
		DAC050931A63B14700753C3C /* SimpleTest */ = {
			isa = PBXGroup;
			children = (
				DAC050941A63B14700753C3C /* README.md */,
				DAC050951A63B14700753C3C /* SimpleTest */,
				DAC0509C1A63B14700753C3C /* SimpleTest.xcodeproj */,
				DAC050A01A63B14700753C3C /* ws-server.rb */,
			);
			path = SimpleTest;
			sourceTree = "<group>";
		};
		DAC050951A63B14700753C3C /* SimpleTest */ = {
			isa = PBXGroup;
			children = (
				DAC050961A63B14700753C3C /* AppDelegate.swift */,
				DAC050971A63B14700753C3C /* Main.storyboard */,
				DAC050991A63B14700753C3C /* Images.xcassets */,
				DAC0509A1A63B14700753C3C /* Info.plist */,
				DAC0509B1A63B14700753C3C /* ViewController.swift */,
			);
			path = SimpleTest;
			sourceTree = "<group>";
		};
		DAC0509D1A63B14700753C3C /* Products */ = {
			isa = PBXGroup;
			children = (
				DAC050AE1A63B14700753C3C /* SimpleTest.app */,
			);
			name = Products;
			sourceTree = "<group>";
		};
		DAC050A61A63B14700753C3C /* Products */ = {
			isa = PBXGroup;
			children = (
				DAC050B41A63B14700753C3C /* Starscream.framework */,
				DAC050B61A63B14700753C3C /* StarscreamTests.xctest */,
				DAC050B81A63B14700753C3C /* StarscreamOSX.framework */,
				DAC050BA1A63B14700753C3C /* StarscreamOSXTests.xctest */,
			);
			name = Products;
			sourceTree = "<group>";
		};
		DAC050A81A63B14700753C3C /* Tests */ = {
			isa = PBXGroup;
			children = (
				DAC050A91A63B14700753C3C /* Info.plist */,
				DAC050AA1A63B14700753C3C /* StarscreamTests.swift */,
			);
			path = Tests;
			sourceTree = "<group>";
		};
/* End PBXGroup section */

/* Begin PBXNativeTarget section */
		DABA8CDD1A3EC8CD00070009 /* WhatsSWIFT_Server */ = {
			isa = PBXNativeTarget;
			buildConfigurationList = DABA8CF81A3EC8CE00070009 /* Build configuration list for PBXNativeTarget "WhatsSWIFT_Server" */;
			buildPhases = (
				DABA8CDA1A3EC8CD00070009 /* Sources */,
				DABA8CDB1A3EC8CD00070009 /* Frameworks */,
				DABA8CDC1A3EC8CD00070009 /* Resources */,
			);
			buildRules = (
			);
			dependencies = (
			);
			name = WhatsSWIFT_Server;
			productName = WhatsSWIFT_Server;
			productReference = DABA8CDE1A3EC8CD00070009 /* WhatsSWIFT_Server.app */;
			productType = "com.apple.product-type.application";
		};
		DABA8CED1A3EC8CE00070009 /* WhatsSWIFT_ServerTests */ = {
			isa = PBXNativeTarget;
			buildConfigurationList = DABA8CFB1A3EC8CE00070009 /* Build configuration list for PBXNativeTarget "WhatsSWIFT_ServerTests" */;
			buildPhases = (
				DABA8CEA1A3EC8CE00070009 /* Sources */,
				DABA8CEB1A3EC8CE00070009 /* Frameworks */,
				DABA8CEC1A3EC8CE00070009 /* Resources */,
			);
			buildRules = (
			);
			dependencies = (
				DABA8CF01A3EC8CE00070009 /* PBXTargetDependency */,
			);
			name = WhatsSWIFT_ServerTests;
			productName = WhatsSWIFT_ServerTests;
			productReference = DABA8CEE1A3EC8CE00070009 /* WhatsSWIFT_ServerTests.xctest */;
			productType = "com.apple.product-type.bundle.unit-test";
		};
/* End PBXNativeTarget section */

/* Begin PBXProject section */
		DABA8CD61A3EC8CD00070009 /* Project object */ = {
			isa = PBXProject;
			attributes = {
				LastUpgradeCheck = 0610;
				ORGANIZATIONNAME = "Bauer, Daniel";
				TargetAttributes = {
					DABA8CDD1A3EC8CD00070009 = {
						CreatedOnToolsVersion = 6.1;
					};
					DABA8CED1A3EC8CE00070009 = {
						CreatedOnToolsVersion = 6.1;
						TestTargetID = DABA8CDD1A3EC8CD00070009;
					};
				};
			};
			buildConfigurationList = DABA8CD91A3EC8CD00070009 /* Build configuration list for PBXProject "WhatsSWIFT_Server" */;
			compatibilityVersion = "Xcode 3.2";
			developmentRegion = English;
			hasScannedForEncodings = 0;
			knownRegions = (
				en,
				Base,
			);
			mainGroup = DABA8CD51A3EC8CD00070009;
			productRefGroup = DABA8CDF1A3EC8CD00070009 /* Products */;
			projectDirPath = "";
			projectReferences = (
				{
					ProductGroup = DAC0509D1A63B14700753C3C /* Products */;
					ProjectRef = DAC0509C1A63B14700753C3C /* SimpleTest.xcodeproj */;
				},
				{
					ProductGroup = DAC050A61A63B14700753C3C /* Products */;
					ProjectRef = DAC050A51A63B14700753C3C /* Starscream.xcodeproj */;
				},
			);
			projectRoot = "";
			targets = (
				DABA8CDD1A3EC8CD00070009 /* WhatsSWIFT_Server */,
				DABA8CED1A3EC8CE00070009 /* WhatsSWIFT_ServerTests */,
			);
		};
/* End PBXProject section */

/* Begin PBXReferenceProxy section */
		DAC050AE1A63B14700753C3C /* SimpleTest.app */ = {
			isa = PBXReferenceProxy;
			fileType = wrapper.application;
			path = SimpleTest.app;
			remoteRef = DAC050AD1A63B14700753C3C /* PBXContainerItemProxy */;
			sourceTree = BUILT_PRODUCTS_DIR;
		};
		DAC050B41A63B14700753C3C /* Starscream.framework */ = {
			isa = PBXReferenceProxy;
			fileType = wrapper.framework;
			path = Starscream.framework;
			remoteRef = DAC050B31A63B14700753C3C /* PBXContainerItemProxy */;
			sourceTree = BUILT_PRODUCTS_DIR;
		};
		DAC050B61A63B14700753C3C /* StarscreamTests.xctest */ = {
			isa = PBXReferenceProxy;
			fileType = wrapper.cfbundle;
			path = StarscreamTests.xctest;
			remoteRef = DAC050B51A63B14700753C3C /* PBXContainerItemProxy */;
			sourceTree = BUILT_PRODUCTS_DIR;
		};
		DAC050B81A63B14700753C3C /* StarscreamOSX.framework */ = {
			isa = PBXReferenceProxy;
			fileType = wrapper.framework;
			path = StarscreamOSX.framework;
			remoteRef = DAC050B71A63B14700753C3C /* PBXContainerItemProxy */;
			sourceTree = BUILT_PRODUCTS_DIR;
		};
		DAC050BA1A63B14700753C3C /* StarscreamOSXTests.xctest */ = {
			isa = PBXReferenceProxy;
			fileType = wrapper.cfbundle;
			path = StarscreamOSXTests.xctest;
			remoteRef = DAC050B91A63B14700753C3C /* PBXContainerItemProxy */;
			sourceTree = BUILT_PRODUCTS_DIR;
		};
/* End PBXReferenceProxy section */

/* Begin PBXResourcesBuildPhase section */
		DABA8CDC1A3EC8CD00070009 /* Resources */ = {
			isa = PBXResourcesBuildPhase;
			buildActionMask = 2147483647;
			files = (
				DABA8CE61A3EC8CD00070009 /* Images.xcassets in Resources */,
				DABA8CE91A3EC8CD00070009 /* MainMenu.xib in Resources */,
			);
			runOnlyForDeploymentPostprocessing = 0;
		};
		DABA8CEC1A3EC8CE00070009 /* Resources */ = {
			isa = PBXResourcesBuildPhase;
			buildActionMask = 2147483647;
			files = (
			);
			runOnlyForDeploymentPostprocessing = 0;
		};
/* End PBXResourcesBuildPhase section */

/* Begin PBXSourcesBuildPhase section */
		DABA8CDA1A3EC8CD00070009 /* Sources */ = {
			isa = PBXSourcesBuildPhase;
			buildActionMask = 2147483647;
			files = (
				DABA8CFF1A3ECB0B00070009 /* Clients.swift in Sources */,
				DACB12521A3F2B440091940D /* Messages.swift in Sources */,
				DACCB3981A6D1F78009F6C8B /* WSConnector.swift in Sources */,
				DA82ADA41A6D20DD00360A95 /* ysocket.swift in Sources */,
				DA82AD9F1A6D20CD00360A95 /* Queue.swift in Sources */,
				DA82ADA61A6D20DD00360A95 /* yudpsocket.swift in Sources */,
				DABA8CE41A3EC8CD00070009 /* AppDelegate.swift in Sources */,
				DA82ADA51A6D20DD00360A95 /* yudpsocket.c in Sources */,
				DA376F401A4050820058A8A5 /* Params.swift in Sources */,
				DACCB3961A6D1F66009F6C8B /* UDPConnector.swift in Sources */,
				DACB12541A3F319F0091940D /* Helpers.swift in Sources */,
			);
			runOnlyForDeploymentPostprocessing = 0;
		};
		DABA8CEA1A3EC8CE00070009 /* Sources */ = {
			isa = PBXSourcesBuildPhase;
			buildActionMask = 2147483647;
			files = (
				DABA8CF51A3EC8CE00070009 /* WhatsSWIFT_ServerTests.swift in Sources */,
			);
			runOnlyForDeploymentPostprocessing = 0;
		};
/* End PBXSourcesBuildPhase section */

/* Begin PBXTargetDependency section */
		DABA8CF01A3EC8CE00070009 /* PBXTargetDependency */ = {
			isa = PBXTargetDependency;
			target = DABA8CDD1A3EC8CD00070009 /* WhatsSWIFT_Server */;
			targetProxy = DABA8CEF1A3EC8CE00070009 /* PBXContainerItemProxy */;
		};
/* End PBXTargetDependency section */

/* Begin PBXVariantGroup section */
		DABA8CE71A3EC8CD00070009 /* MainMenu.xib */ = {
			isa = PBXVariantGroup;
			children = (
				DABA8CE81A3EC8CD00070009 /* Base */,
			);
			name = MainMenu.xib;
			sourceTree = "<group>";
		};
		DAC050971A63B14700753C3C /* Main.storyboard */ = {
			isa = PBXVariantGroup;
			children = (
				DAC050981A63B14700753C3C /* Base */,
			);
			name = Main.storyboard;
			sourceTree = "<group>";
		};
/* End PBXVariantGroup section */

/* Begin XCBuildConfiguration section */
		DABA8CF61A3EC8CE00070009 /* Debug */ = {
			isa = XCBuildConfiguration;
			buildSettings = {
				ALWAYS_SEARCH_USER_PATHS = NO;
				CLANG_CXX_LANGUAGE_STANDARD = "gnu++0x";
				CLANG_CXX_LIBRARY = "libc++";
				CLANG_ENABLE_MODULES = YES;
				CLANG_ENABLE_OBJC_ARC = YES;
				CLANG_WARN_BOOL_CONVERSION = YES;
				CLANG_WARN_CONSTANT_CONVERSION = YES;
				CLANG_WARN_DIRECT_OBJC_ISA_USAGE = YES_ERROR;
				CLANG_WARN_EMPTY_BODY = YES;
				CLANG_WARN_ENUM_CONVERSION = YES;
				CLANG_WARN_INT_CONVERSION = YES;
				CLANG_WARN_OBJC_ROOT_CLASS = YES_ERROR;
				CLANG_WARN_UNREACHABLE_CODE = YES;
				CLANG_WARN__DUPLICATE_METHOD_MATCH = YES;
				CODE_SIGN_IDENTITY = "-";
				COPY_PHASE_STRIP = NO;
				ENABLE_STRICT_OBJC_MSGSEND = YES;
				GCC_C_LANGUAGE_STANDARD = gnu99;
				GCC_DYNAMIC_NO_PIC = NO;
				GCC_OPTIMIZATION_LEVEL = 0;
				GCC_PREPROCESSOR_DEFINITIONS = (
					"DEBUG=1",
					"$(inherited)",
				);
				GCC_SYMBOLS_PRIVATE_EXTERN = NO;
				GCC_WARN_64_TO_32_BIT_CONVERSION = YES;
				GCC_WARN_ABOUT_RETURN_TYPE = YES_ERROR;
				GCC_WARN_UNDECLARED_SELECTOR = YES;
				GCC_WARN_UNINITIALIZED_AUTOS = YES_AGGRESSIVE;
				GCC_WARN_UNUSED_FUNCTION = YES;
				GCC_WARN_UNUSED_VARIABLE = YES;
				MACOSX_DEPLOYMENT_TARGET = 10.9;
				MTL_ENABLE_DEBUG_INFO = YES;
				ONLY_ACTIVE_ARCH = YES;
				SDKROOT = macosx;
				SWIFT_OPTIMIZATION_LEVEL = "-Onone";
			};
			name = Debug;
		};
		DABA8CF71A3EC8CE00070009 /* Release */ = {
			isa = XCBuildConfiguration;
			buildSettings = {
				ALWAYS_SEARCH_USER_PATHS = NO;
				CLANG_CXX_LANGUAGE_STANDARD = "gnu++0x";
				CLANG_CXX_LIBRARY = "libc++";
				CLANG_ENABLE_MODULES = YES;
				CLANG_ENABLE_OBJC_ARC = YES;
				CLANG_WARN_BOOL_CONVERSION = YES;
				CLANG_WARN_CONSTANT_CONVERSION = YES;
				CLANG_WARN_DIRECT_OBJC_ISA_USAGE = YES_ERROR;
				CLANG_WARN_EMPTY_BODY = YES;
				CLANG_WARN_ENUM_CONVERSION = YES;
				CLANG_WARN_INT_CONVERSION = YES;
				CLANG_WARN_OBJC_ROOT_CLASS = YES_ERROR;
				CLANG_WARN_UNREACHABLE_CODE = YES;
				CLANG_WARN__DUPLICATE_METHOD_MATCH = YES;
				CODE_SIGN_IDENTITY = "-";
				COPY_PHASE_STRIP = YES;
				DEBUG_INFORMATION_FORMAT = "dwarf-with-dsym";
				ENABLE_NS_ASSERTIONS = NO;
				ENABLE_STRICT_OBJC_MSGSEND = YES;
				GCC_C_LANGUAGE_STANDARD = gnu99;
				GCC_WARN_64_TO_32_BIT_CONVERSION = YES;
				GCC_WARN_ABOUT_RETURN_TYPE = YES_ERROR;
				GCC_WARN_UNDECLARED_SELECTOR = YES;
				GCC_WARN_UNINITIALIZED_AUTOS = YES_AGGRESSIVE;
				GCC_WARN_UNUSED_FUNCTION = YES;
				GCC_WARN_UNUSED_VARIABLE = YES;
				MACOSX_DEPLOYMENT_TARGET = 10.9;
				MTL_ENABLE_DEBUG_INFO = NO;
				SDKROOT = macosx;
			};
			name = Release;
		};
		DABA8CF91A3EC8CE00070009 /* Debug */ = {
			isa = XCBuildConfiguration;
			buildSettings = {
				ASSETCATALOG_COMPILER_APPICON_NAME = AppIcon;
				COMBINE_HIDPI_IMAGES = YES;
				INFOPLIST_FILE = WhatsSWIFT_Server/Info.plist;
				LD_RUNPATH_SEARCH_PATHS = "$(inherited) @executable_path/../Frameworks";
				MACOSX_DEPLOYMENT_TARGET = 10.9;
				PRODUCT_NAME = "$(TARGET_NAME)";
				SWIFT_OBJC_BRIDGING_HEADER = "WhatsSWIFT_Server/Helpers-Bridging-Header.h";
			};
			name = Debug;
		};
		DABA8CFA1A3EC8CE00070009 /* Release */ = {
			isa = XCBuildConfiguration;
			buildSettings = {
				ASSETCATALOG_COMPILER_APPICON_NAME = AppIcon;
				COMBINE_HIDPI_IMAGES = YES;
				INFOPLIST_FILE = WhatsSWIFT_Server/Info.plist;
				LD_RUNPATH_SEARCH_PATHS = "$(inherited) @executable_path/../Frameworks";
				MACOSX_DEPLOYMENT_TARGET = 10.9;
				ONLY_ACTIVE_ARCH = YES;
				PRODUCT_NAME = "$(TARGET_NAME)";
				SWIFT_OBJC_BRIDGING_HEADER = "WhatsSWIFT_Server/Helpers-Bridging-Header.h";
			};
			name = Release;
		};
		DABA8CFC1A3EC8CE00070009 /* Debug */ = {
			isa = XCBuildConfiguration;
			buildSettings = {
				BUNDLE_LOADER = "$(TEST_HOST)";
				COMBINE_HIDPI_IMAGES = YES;
				FRAMEWORK_SEARCH_PATHS = (
					"$(DEVELOPER_FRAMEWORKS_DIR)",
					"$(inherited)",
				);
				GCC_PREPROCESSOR_DEFINITIONS = (
					"DEBUG=1",
					"$(inherited)",
				);
				INFOPLIST_FILE = WhatsSWIFT_ServerTests/Info.plist;
				LD_RUNPATH_SEARCH_PATHS = "$(inherited) @executable_path/../Frameworks @loader_path/../Frameworks";
				PRODUCT_NAME = "$(TARGET_NAME)";
				TEST_HOST = "$(BUILT_PRODUCTS_DIR)/WhatsSWIFT_Server.app/Contents/MacOS/WhatsSWIFT_Server";
			};
			name = Debug;
		};
		DABA8CFD1A3EC8CE00070009 /* Release */ = {
			isa = XCBuildConfiguration;
			buildSettings = {
				BUNDLE_LOADER = "$(TEST_HOST)";
				COMBINE_HIDPI_IMAGES = YES;
				FRAMEWORK_SEARCH_PATHS = (
					"$(DEVELOPER_FRAMEWORKS_DIR)",
					"$(inherited)",
				);
				INFOPLIST_FILE = WhatsSWIFT_ServerTests/Info.plist;
				LD_RUNPATH_SEARCH_PATHS = "$(inherited) @executable_path/../Frameworks @loader_path/../Frameworks";
				PRODUCT_NAME = "$(TARGET_NAME)";
				TEST_HOST = "$(BUILT_PRODUCTS_DIR)/WhatsSWIFT_Server.app/Contents/MacOS/WhatsSWIFT_Server";
			};
			name = Release;
		};
/* End XCBuildConfiguration section */

/* Begin XCConfigurationList section */
		DABA8CD91A3EC8CD00070009 /* Build configuration list for PBXProject "WhatsSWIFT_Server" */ = {
			isa = XCConfigurationList;
			buildConfigurations = (
				DABA8CF61A3EC8CE00070009 /* Debug */,
				DABA8CF71A3EC8CE00070009 /* Release */,
			);
			defaultConfigurationIsVisible = 0;
			defaultConfigurationName = Release;
		};
		DABA8CF81A3EC8CE00070009 /* Build configuration list for PBXNativeTarget "WhatsSWIFT_Server" */ = {
			isa = XCConfigurationList;
			buildConfigurations = (
				DABA8CF91A3EC8CE00070009 /* Debug */,
				DABA8CFA1A3EC8CE00070009 /* Release */,
			);
			defaultConfigurationIsVisible = 0;
			defaultConfigurationName = Release;
		};
		DABA8CFB1A3EC8CE00070009 /* Build configuration list for PBXNativeTarget "WhatsSWIFT_ServerTests" */ = {
			isa = XCConfigurationList;
			buildConfigurations = (
				DABA8CFC1A3EC8CE00070009 /* Debug */,
				DABA8CFD1A3EC8CE00070009 /* Release */,
			);
			defaultConfigurationIsVisible = 0;
			defaultConfigurationName = Release;
		};
/* End XCConfigurationList section */
	};
	rootObject = DABA8CD61A3EC8CD00070009 /* Project object */;
}
